PODS:
  - Flutter (1.0.0)
  - open62541_libs (0.0.1):
    - Flutter

DEPENDENCIES:
  - Flutter (from `Flutter`)
  - open62541_libs (from `.symlinks/plugins/open62541_libs/ios`)

EXTERNAL SOURCES:
  Flutter:
    :path: Flutter
  open62541_libs:
    :path: ".symlinks/plugins/open62541_libs/ios"

SPEC CHECKSUMS:
  Flutter: e0871f40cf51350855a761d2e70bf5af5b9b5de7
  open62541_libs: 335a00fafc7e0d223261e923bb059322f6143bf9

PODFILE CHECKSUM: 4305caec6b40dde0ae97be1573c53de1882a07e5

COCOAPODS: 1.16.2
